
Microsoft Visual Studio Solution File, Format Version 12.00
# TcXaeShell Solution File, Format Version 11.00
VisualStudioVersion = 17.10.35827.194
MinimumVisualStudioVersion = 10.0.40219.1
Project("{B1E792BE-AA5F-4E3C-8C82-674BF9C0715B}") = "OOP", "OOP\OOP.tsproj", "{F2F7BD3B-8958-4BE9-96BE-96EA155DEA02}"
EndProject
Global
	GlobalSection(SolutionConfigurationPlatforms) = preSolution
		Debug|TwinCAT CE7 (ARMV7) = Debug|TwinCAT CE7 (ARMV7)
		Debug|TwinCAT OS (ARMT2) = Debug|TwinCAT OS (ARMT2)
		Debug|TwinCAT OS (ARMV7-A) = Debug|TwinCAT OS (ARMV7-A)
		Debug|TwinCAT OS (ARMV7-M) = Debug|TwinCAT OS (ARMV7-M)
		Debug|TwinCAT OS (ARMV8-A) = Debug|TwinCAT OS (ARMV8-A)
		Debug|TwinCAT OS (x64) = Debug|TwinCAT OS (x64)
		Debug|TwinCAT OS (x64-E) = Debug|TwinCAT OS (x64-E)
		Debug|TwinCAT RT (x64) = Debug|TwinCAT RT (x64)
		Debug|TwinCAT RT (x86) = Debug|TwinCAT RT (x86)
		Release|TwinCAT CE7 (ARMV7) = Release|TwinCAT CE7 (ARMV7)
		Release|TwinCAT OS (ARMT2) = Release|TwinCAT OS (ARMT2)
		Release|TwinCAT OS (ARMV7-A) = Release|TwinCAT OS (ARMV7-A)
		Release|TwinCAT OS (ARMV7-M) = Release|TwinCAT OS (ARMV7-M)
		Release|TwinCAT OS (ARMV8-A) = Release|TwinCAT OS (ARMV8-A)
		Release|TwinCAT OS (x64) = Release|TwinCAT OS (x64)
		Release|TwinCAT OS (x64-E) = Release|TwinCAT OS (x64-E)
		Release|TwinCAT RT (x64) = Release|TwinCAT RT (x64)
		Release|TwinCAT RT (x86) = Release|TwinCAT RT (x86)
	EndGlobalSection
	GlobalSection(ProjectConfigurationPlatforms) = postSolution
		{F2F7BD3B-8958-4BE9-96BE-96EA155DEA02}.Debug|TwinCAT CE7 (ARMV7).ActiveCfg = Debug|TwinCAT CE7 (ARMV7)
		{F2F7BD3B-8958-4BE9-96BE-96EA155DEA02}.Debug|TwinCAT CE7 (ARMV7).Build.0 = Debug|TwinCAT CE7 (ARMV7)
		{F2F7BD3B-8958-4BE9-96BE-96EA155DEA02}.Debug|TwinCAT OS (ARMT2).ActiveCfg = Debug|TwinCAT OS (ARMT2)
		{F2F7BD3B-8958-4BE9-96BE-96EA155DEA02}.Debug|TwinCAT OS (ARMT2).Build.0 = Debug|TwinCAT OS (ARMT2)
		{F2F7BD3B-8958-4BE9-96BE-96EA155DEA02}.Debug|TwinCAT OS (ARMV7-A).ActiveCfg = Debug|TwinCAT OS (ARMV7-A)
		{F2F7BD3B-8958-4BE9-96BE-96EA155DEA02}.Debug|TwinCAT OS (ARMV7-A).Build.0 = Debug|TwinCAT OS (ARMV7-A)
		{F2F7BD3B-8958-4BE9-96BE-96EA155DEA02}.Debug|TwinCAT OS (ARMV7-M).ActiveCfg = Debug|TwinCAT OS (ARMV7-M)
		{F2F7BD3B-8958-4BE9-96BE-96EA155DEA02}.Debug|TwinCAT OS (ARMV7-M).Build.0 = Debug|TwinCAT OS (ARMV7-M)
		{F2F7BD3B-8958-4BE9-96BE-96EA155DEA02}.Debug|TwinCAT OS (ARMV8-A).ActiveCfg = Debug|TwinCAT OS (ARMV8-A)
		{F2F7BD3B-8958-4BE9-96BE-96EA155DEA02}.Debug|TwinCAT OS (ARMV8-A).Build.0 = Debug|TwinCAT OS (ARMV8-A)
		{F2F7BD3B-8958-4BE9-96BE-96EA155DEA02}.Debug|TwinCAT OS (x64).ActiveCfg = Debug|TwinCAT OS (x64)
		{F2F7BD3B-8958-4BE9-96BE-96EA155DEA02}.Debug|TwinCAT OS (x64).Build.0 = Debug|TwinCAT OS (x64)
		{F2F7BD3B-8958-4BE9-96BE-96EA155DEA02}.Debug|TwinCAT OS (x64-E).ActiveCfg = Debug|TwinCAT OS (x64-E)
		{F2F7BD3B-8958-4BE9-96BE-96EA155DEA02}.Debug|TwinCAT OS (x64-E).Build.0 = Debug|TwinCAT OS (x64-E)
		{F2F7BD3B-8958-4BE9-96BE-96EA155DEA02}.Debug|TwinCAT RT (x64).ActiveCfg = Debug|TwinCAT RT (x64)
		{F2F7BD3B-8958-4BE9-96BE-96EA155DEA02}.Debug|TwinCAT RT (x64).Build.0 = Debug|TwinCAT RT (x64)
		{F2F7BD3B-8958-4BE9-96BE-96EA155DEA02}.Debug|TwinCAT RT (x86).ActiveCfg = Debug|TwinCAT RT (x86)
		{F2F7BD3B-8958-4BE9-96BE-96EA155DEA02}.Debug|TwinCAT RT (x86).Build.0 = Debug|TwinCAT RT (x86)
		{F2F7BD3B-8958-4BE9-96BE-96EA155DEA02}.Release|TwinCAT CE7 (ARMV7).ActiveCfg = Release|TwinCAT CE7 (ARMV7)
		{F2F7BD3B-8958-4BE9-96BE-96EA155DEA02}.Release|TwinCAT CE7 (ARMV7).Build.0 = Release|TwinCAT CE7 (ARMV7)
		{F2F7BD3B-8958-4BE9-96BE-96EA155DEA02}.Release|TwinCAT OS (ARMT2).ActiveCfg = Release|TwinCAT OS (ARMT2)
		{F2F7BD3B-8958-4BE9-96BE-96EA155DEA02}.Release|TwinCAT OS (ARMT2).Build.0 = Release|TwinCAT OS (ARMT2)
		{F2F7BD3B-8958-4BE9-96BE-96EA155DEA02}.Release|TwinCAT OS (ARMV7-A).ActiveCfg = Release|TwinCAT OS (ARMV7-A)
		{F2F7BD3B-8958-4BE9-96BE-96EA155DEA02}.Release|TwinCAT OS (ARMV7-A).Build.0 = Release|TwinCAT OS (ARMV7-A)
		{F2F7BD3B-8958-4BE9-96BE-96EA155DEA02}.Release|TwinCAT OS (ARMV7-M).ActiveCfg = Release|TwinCAT OS (ARMV7-M)
		{F2F7BD3B-8958-4BE9-96BE-96EA155DEA02}.Release|TwinCAT OS (ARMV7-M).Build.0 = Release|TwinCAT OS (ARMV7-M)
		{F2F7BD3B-8958-4BE9-96BE-96EA155DEA02}.Release|TwinCAT OS (ARMV8-A).ActiveCfg = Release|TwinCAT OS (ARMV8-A)
		{F2F7BD3B-8958-4BE9-96BE-96EA155DEA02}.Release|TwinCAT OS (ARMV8-A).Build.0 = Release|TwinCAT OS (ARMV8-A)
		{F2F7BD3B-8958-4BE9-96BE-96EA155DEA02}.Release|TwinCAT OS (x64).ActiveCfg = Release|TwinCAT OS (x64)
		{F2F7BD3B-8958-4BE9-96BE-96EA155DEA02}.Release|TwinCAT OS (x64).Build.0 = Release|TwinCAT OS (x64)
		{F2F7BD3B-8958-4BE9-96BE-96EA155DEA02}.Release|TwinCAT OS (x64-E).ActiveCfg = Release|TwinCAT OS (x64-E)
		{F2F7BD3B-8958-4BE9-96BE-96EA155DEA02}.Release|TwinCAT OS (x64-E).Build.0 = Release|TwinCAT OS (x64-E)
		{F2F7BD3B-8958-4BE9-96BE-96EA155DEA02}.Release|TwinCAT RT (x64).ActiveCfg = Release|TwinCAT RT (x64)
		{F2F7BD3B-8958-4BE9-96BE-96EA155DEA02}.Release|TwinCAT RT (x86).ActiveCfg = Release|TwinCAT RT (x86)
		{F2F7BD3B-8958-4BE9-96BE-96EA155DEA02}.Release|TwinCAT RT (x86).Build.0 = Release|TwinCAT RT (x86)
		{95F8C5DF-D42D-49C0-8877-7CB98F614318}.Debug|TwinCAT CE7 (ARMV7).ActiveCfg = Debug|TwinCAT CE7 (ARMV7)
		{95F8C5DF-D42D-49C0-8877-7CB98F614318}.Debug|TwinCAT CE7 (ARMV7).Build.0 = Debug|TwinCAT CE7 (ARMV7)
		{95F8C5DF-D42D-49C0-8877-7CB98F614318}.Debug|TwinCAT OS (ARMT2).ActiveCfg = Debug|TwinCAT OS (ARMT2)
		{95F8C5DF-D42D-49C0-8877-7CB98F614318}.Debug|TwinCAT OS (ARMT2).Build.0 = Debug|TwinCAT OS (ARMT2)
		{95F8C5DF-D42D-49C0-8877-7CB98F614318}.Debug|TwinCAT OS (ARMV7-A).ActiveCfg = Debug|TwinCAT OS (ARMV7-A)
		{95F8C5DF-D42D-49C0-8877-7CB98F614318}.Debug|TwinCAT OS (ARMV7-A).Build.0 = Debug|TwinCAT OS (ARMV7-A)
		{95F8C5DF-D42D-49C0-8877-7CB98F614318}.Debug|TwinCAT OS (ARMV7-M).ActiveCfg = Debug|TwinCAT OS (ARMV7-M)
		{95F8C5DF-D42D-49C0-8877-7CB98F614318}.Debug|TwinCAT OS (ARMV7-M).Build.0 = Debug|TwinCAT OS (ARMV7-M)
		{95F8C5DF-D42D-49C0-8877-7CB98F614318}.Debug|TwinCAT OS (ARMV8-A).ActiveCfg = Debug|TwinCAT OS (ARMV8-A)
		{95F8C5DF-D42D-49C0-8877-7CB98F614318}.Debug|TwinCAT OS (ARMV8-A).Build.0 = Debug|TwinCAT OS (ARMV8-A)
		{95F8C5DF-D42D-49C0-8877-7CB98F614318}.Debug|TwinCAT OS (x64).ActiveCfg = Debug|TwinCAT OS (x64)
		{95F8C5DF-D42D-49C0-8877-7CB98F614318}.Debug|TwinCAT OS (x64).Build.0 = Debug|TwinCAT OS (x64)
		{95F8C5DF-D42D-49C0-8877-7CB98F614318}.Debug|TwinCAT OS (x64-E).ActiveCfg = Debug|TwinCAT OS (x64-E)
		{95F8C5DF-D42D-49C0-8877-7CB98F614318}.Debug|TwinCAT OS (x64-E).Build.0 = Debug|TwinCAT OS (x64-E)
		{95F8C5DF-D42D-49C0-8877-7CB98F614318}.Debug|TwinCAT RT (x64).ActiveCfg = Debug|TwinCAT RT (x64)
		{95F8C5DF-D42D-49C0-8877-7CB98F614318}.Debug|TwinCAT RT (x64).Build.0 = Debug|TwinCAT RT (x64)
		{95F8C5DF-D42D-49C0-8877-7CB98F614318}.Debug|TwinCAT RT (x86).ActiveCfg = Debug|TwinCAT RT (x86)
		{95F8C5DF-D42D-49C0-8877-7CB98F614318}.Debug|TwinCAT RT (x86).Build.0 = Debug|TwinCAT RT (x86)
		{95F8C5DF-D42D-49C0-8877-7CB98F614318}.Release|TwinCAT CE7 (ARMV7).ActiveCfg = Release|TwinCAT CE7 (ARMV7)
		{95F8C5DF-D42D-49C0-8877-7CB98F614318}.Release|TwinCAT CE7 (ARMV7).Build.0 = Release|TwinCAT CE7 (ARMV7)
		{95F8C5DF-D42D-49C0-8877-7CB98F614318}.Release|TwinCAT OS (ARMT2).ActiveCfg = Release|TwinCAT OS (ARMT2)
		{95F8C5DF-D42D-49C0-8877-7CB98F614318}.Release|TwinCAT OS (ARMT2).Build.0 = Release|TwinCAT OS (ARMT2)
		{95F8C5DF-D42D-49C0-8877-7CB98F614318}.Release|TwinCAT OS (ARMV7-A).ActiveCfg = Release|TwinCAT OS (ARMV7-A)
		{95F8C5DF-D42D-49C0-8877-7CB98F614318}.Release|TwinCAT OS (ARMV7-A).Build.0 = Release|TwinCAT OS (ARMV7-A)
		{95F8C5DF-D42D-49C0-8877-7CB98F614318}.Release|TwinCAT OS (ARMV7-M).ActiveCfg = Release|TwinCAT OS (ARMV7-M)
		{95F8C5DF-D42D-49C0-8877-7CB98F614318}.Release|TwinCAT OS (ARMV7-M).Build.0 = Release|TwinCAT OS (ARMV7-M)
		{95F8C5DF-D42D-49C0-8877-7CB98F614318}.Release|TwinCAT OS (ARMV8-A).ActiveCfg = Release|TwinCAT OS (ARMV8-A)
		{95F8C5DF-D42D-49C0-8877-7CB98F614318}.Release|TwinCAT OS (ARMV8-A).Build.0 = Release|TwinCAT OS (ARMV8-A)
		{95F8C5DF-D42D-49C0-8877-7CB98F614318}.Release|TwinCAT OS (x64).ActiveCfg = Release|TwinCAT OS (x64)
		{95F8C5DF-D42D-49C0-8877-7CB98F614318}.Release|TwinCAT OS (x64).Build.0 = Release|TwinCAT OS (x64)
		{95F8C5DF-D42D-49C0-8877-7CB98F614318}.Release|TwinCAT OS (x64-E).ActiveCfg = Release|TwinCAT OS (x64-E)
		{95F8C5DF-D42D-49C0-8877-7CB98F614318}.Release|TwinCAT OS (x64-E).Build.0 = Release|TwinCAT OS (x64-E)
		{95F8C5DF-D42D-49C0-8877-7CB98F614318}.Release|TwinCAT RT (x64).ActiveCfg = Release|TwinCAT RT (x64)
		{95F8C5DF-D42D-49C0-8877-7CB98F614318}.Release|TwinCAT RT (x86).ActiveCfg = Release|TwinCAT RT (x86)
		{95F8C5DF-D42D-49C0-8877-7CB98F614318}.Release|TwinCAT RT (x86).Build.0 = Release|TwinCAT RT (x86)
		{D92D8E76-7723-4574-909B-0AC3A7B65D74}.Debug|TwinCAT CE7 (ARMV7).ActiveCfg = Debug|TwinCAT CE7 (ARMV7)
		{D92D8E76-7723-4574-909B-0AC3A7B65D74}.Debug|TwinCAT CE7 (ARMV7).Build.0 = Debug|TwinCAT CE7 (ARMV7)
		{D92D8E76-7723-4574-909B-0AC3A7B65D74}.Debug|TwinCAT OS (ARMT2).ActiveCfg = Debug|TwinCAT OS (ARMT2)
		{D92D8E76-7723-4574-909B-0AC3A7B65D74}.Debug|TwinCAT OS (ARMT2).Build.0 = Debug|TwinCAT OS (ARMT2)
		{D92D8E76-7723-4574-909B-0AC3A7B65D74}.Debug|TwinCAT OS (ARMV7-A).ActiveCfg = Debug|TwinCAT OS (ARMV7-A)
		{D92D8E76-7723-4574-909B-0AC3A7B65D74}.Debug|TwinCAT OS (ARMV7-A).Build.0 = Debug|TwinCAT OS (ARMV7-A)
		{D92D8E76-7723-4574-909B-0AC3A7B65D74}.Debug|TwinCAT OS (ARMV7-M).ActiveCfg = Debug|TwinCAT OS (ARMV7-M)
		{D92D8E76-7723-4574-909B-0AC3A7B65D74}.Debug|TwinCAT OS (ARMV7-M).Build.0 = Debug|TwinCAT OS (ARMV7-M)
		{D92D8E76-7723-4574-909B-0AC3A7B65D74}.Debug|TwinCAT OS (ARMV8-A).ActiveCfg = Debug|TwinCAT OS (ARMV8-A)
		{D92D8E76-7723-4574-909B-0AC3A7B65D74}.Debug|TwinCAT OS (ARMV8-A).Build.0 = Debug|TwinCAT OS (ARMV8-A)
		{D92D8E76-7723-4574-909B-0AC3A7B65D74}.Debug|TwinCAT OS (x64).ActiveCfg = Debug|TwinCAT OS (x64)
		{D92D8E76-7723-4574-909B-0AC3A7B65D74}.Debug|TwinCAT OS (x64).Build.0 = Debug|TwinCAT OS (x64)
		{D92D8E76-7723-4574-909B-0AC3A7B65D74}.Debug|TwinCAT OS (x64-E).ActiveCfg = Debug|TwinCAT OS (x64-E)
		{D92D8E76-7723-4574-909B-0AC3A7B65D74}.Debug|TwinCAT OS (x64-E).Build.0 = Debug|TwinCAT OS (x64-E)
		{D92D8E76-7723-4574-909B-0AC3A7B65D74}.Debug|TwinCAT RT (x64).ActiveCfg = Debug|TwinCAT RT (x64)
		{D92D8E76-7723-4574-909B-0AC3A7B65D74}.Debug|TwinCAT RT (x64).Build.0 = Debug|TwinCAT RT (x64)
		{D92D8E76-7723-4574-909B-0AC3A7B65D74}.Debug|TwinCAT RT (x86).ActiveCfg = Debug|TwinCAT RT (x86)
		{D92D8E76-7723-4574-909B-0AC3A7B65D74}.Debug|TwinCAT RT (x86).Build.0 = Debug|TwinCAT RT (x86)
		{D92D8E76-7723-4574-909B-0AC3A7B65D74}.Release|TwinCAT CE7 (ARMV7).ActiveCfg = Release|TwinCAT CE7 (ARMV7)
		{D92D8E76-7723-4574-909B-0AC3A7B65D74}.Release|TwinCAT CE7 (ARMV7).Build.0 = Release|TwinCAT CE7 (ARMV7)
		{D92D8E76-7723-4574-909B-0AC3A7B65D74}.Release|TwinCAT OS (ARMT2).ActiveCfg = Release|TwinCAT OS (ARMT2)
		{D92D8E76-7723-4574-909B-0AC3A7B65D74}.Release|TwinCAT OS (ARMT2).Build.0 = Release|TwinCAT OS (ARMT2)
		{D92D8E76-7723-4574-909B-0AC3A7B65D74}.Release|TwinCAT OS (ARMV7-A).ActiveCfg = Release|TwinCAT OS (ARMV7-A)
		{D92D8E76-7723-4574-909B-0AC3A7B65D74}.Release|TwinCAT OS (ARMV7-A).Build.0 = Release|TwinCAT OS (ARMV7-A)
		{D92D8E76-7723-4574-909B-0AC3A7B65D74}.Release|TwinCAT OS (ARMV7-M).ActiveCfg = Release|TwinCAT OS (ARMV7-M)
		{D92D8E76-7723-4574-909B-0AC3A7B65D74}.Release|TwinCAT OS (ARMV7-M).Build.0 = Release|TwinCAT OS (ARMV7-M)
		{D92D8E76-7723-4574-909B-0AC3A7B65D74}.Release|TwinCAT OS (ARMV8-A).ActiveCfg = Release|TwinCAT OS (ARMV8-A)
		{D92D8E76-7723-4574-909B-0AC3A7B65D74}.Release|TwinCAT OS (ARMV8-A).Build.0 = Release|TwinCAT OS (ARMV8-A)
		{D92D8E76-7723-4574-909B-0AC3A7B65D74}.Release|TwinCAT OS (x64).ActiveCfg = Release|TwinCAT OS (x64)
		{D92D8E76-7723-4574-909B-0AC3A7B65D74}.Release|TwinCAT OS (x64).Build.0 = Release|TwinCAT OS (x64)
		{D92D8E76-7723-4574-909B-0AC3A7B65D74}.Release|TwinCAT OS (x64-E).ActiveCfg = Release|TwinCAT OS (x64-E)
		{D92D8E76-7723-4574-909B-0AC3A7B65D74}.Release|TwinCAT OS (x64-E).Build.0 = Release|TwinCAT OS (x64-E)
		{D92D8E76-7723-4574-909B-0AC3A7B65D74}.Release|TwinCAT RT (x64).ActiveCfg = Release|TwinCAT RT (x64)
		{D92D8E76-7723-4574-909B-0AC3A7B65D74}.Release|TwinCAT RT (x86).ActiveCfg = Release|TwinCAT RT (x86)
		{D92D8E76-7723-4574-909B-0AC3A7B65D74}.Release|TwinCAT RT (x86).Build.0 = Release|TwinCAT RT (x86)
		{68E49C69-226C-4DB7-8EF9-A06C287444F1}.Debug|TwinCAT CE7 (ARMV7).ActiveCfg = Debug|TwinCAT CE7 (ARMV7)
		{68E49C69-226C-4DB7-8EF9-A06C287444F1}.Debug|TwinCAT CE7 (ARMV7).Build.0 = Debug|TwinCAT CE7 (ARMV7)
		{68E49C69-226C-4DB7-8EF9-A06C287444F1}.Debug|TwinCAT OS (ARMT2).ActiveCfg = Debug|TwinCAT OS (x64-E)
		{68E49C69-226C-4DB7-8EF9-A06C287444F1}.Debug|TwinCAT OS (ARMT2).Build.0 = Debug|TwinCAT OS (x64-E)
		{68E49C69-226C-4DB7-8EF9-A06C287444F1}.Debug|TwinCAT OS (ARMV7-A).ActiveCfg = Debug|TwinCAT OS (ARMV7-A)
		{68E49C69-226C-4DB7-8EF9-A06C287444F1}.Debug|TwinCAT OS (ARMV7-A).Build.0 = Debug|TwinCAT OS (ARMV7-A)
		{68E49C69-226C-4DB7-8EF9-A06C287444F1}.Debug|TwinCAT OS (ARMV7-M).ActiveCfg = Debug|TwinCAT OS (ARMV7-M)
		{68E49C69-226C-4DB7-8EF9-A06C287444F1}.Debug|TwinCAT OS (ARMV7-M).Build.0 = Debug|TwinCAT OS (ARMV7-M)
		{68E49C69-226C-4DB7-8EF9-A06C287444F1}.Debug|TwinCAT OS (ARMV8-A).ActiveCfg = Debug|TwinCAT OS (ARMV8-A)
		{68E49C69-226C-4DB7-8EF9-A06C287444F1}.Debug|TwinCAT OS (ARMV8-A).Build.0 = Debug|TwinCAT OS (ARMV8-A)
		{68E49C69-226C-4DB7-8EF9-A06C287444F1}.Debug|TwinCAT OS (x64).ActiveCfg = Debug|TwinCAT OS (x64)
		{68E49C69-226C-4DB7-8EF9-A06C287444F1}.Debug|TwinCAT OS (x64).Build.0 = Debug|TwinCAT OS (x64)
		{68E49C69-226C-4DB7-8EF9-A06C287444F1}.Debug|TwinCAT OS (x64-E).ActiveCfg = Debug|TwinCAT OS (x64-E)
		{68E49C69-226C-4DB7-8EF9-A06C287444F1}.Debug|TwinCAT OS (x64-E).Build.0 = Debug|TwinCAT OS (x64-E)
		{68E49C69-226C-4DB7-8EF9-A06C287444F1}.Debug|TwinCAT RT (x64).ActiveCfg = Debug|TwinCAT RT (x64)
		{68E49C69-226C-4DB7-8EF9-A06C287444F1}.Debug|TwinCAT RT (x64).Build.0 = Debug|TwinCAT RT (x64)
		{68E49C69-226C-4DB7-8EF9-A06C287444F1}.Debug|TwinCAT RT (x86).ActiveCfg = Debug|TwinCAT RT (x86)
		{68E49C69-226C-4DB7-8EF9-A06C287444F1}.Debug|TwinCAT RT (x86).Build.0 = Debug|TwinCAT RT (x86)
		{68E49C69-226C-4DB7-8EF9-A06C287444F1}.Release|TwinCAT CE7 (ARMV7).ActiveCfg = Release|TwinCAT CE7 (ARMV7)
		{68E49C69-226C-4DB7-8EF9-A06C287444F1}.Release|TwinCAT CE7 (ARMV7).Build.0 = Release|TwinCAT CE7 (ARMV7)
		{68E49C69-226C-4DB7-8EF9-A06C287444F1}.Release|TwinCAT OS (ARMT2).ActiveCfg = Release|TwinCAT OS (x64-E)
		{68E49C69-226C-4DB7-8EF9-A06C287444F1}.Release|TwinCAT OS (ARMT2).Build.0 = Release|TwinCAT OS (x64-E)
		{68E49C69-226C-4DB7-8EF9-A06C287444F1}.Release|TwinCAT OS (ARMV7-A).ActiveCfg = Release|TwinCAT OS (ARMV7-A)
		{68E49C69-226C-4DB7-8EF9-A06C287444F1}.Release|TwinCAT OS (ARMV7-A).Build.0 = Release|TwinCAT OS (ARMV7-A)
		{68E49C69-226C-4DB7-8EF9-A06C287444F1}.Release|TwinCAT OS (ARMV7-M).ActiveCfg = Release|TwinCAT OS (ARMV7-M)
		{68E49C69-226C-4DB7-8EF9-A06C287444F1}.Release|TwinCAT OS (ARMV7-M).Build.0 = Release|TwinCAT OS (ARMV7-M)
		{68E49C69-226C-4DB7-8EF9-A06C287444F1}.Release|TwinCAT OS (ARMV8-A).ActiveCfg = Release|TwinCAT OS (ARMV8-A)
		{68E49C69-226C-4DB7-8EF9-A06C287444F1}.Release|TwinCAT OS (ARMV8-A).Build.0 = Release|TwinCAT OS (ARMV8-A)
		{68E49C69-226C-4DB7-8EF9-A06C287444F1}.Release|TwinCAT OS (x64).ActiveCfg = Release|TwinCAT OS (x64)
		{68E49C69-226C-4DB7-8EF9-A06C287444F1}.Release|TwinCAT OS (x64).Build.0 = Release|TwinCAT OS (x64)
		{68E49C69-226C-4DB7-8EF9-A06C287444F1}.Release|TwinCAT OS (x64-E).ActiveCfg = Release|TwinCAT OS (x64-E)
		{68E49C69-226C-4DB7-8EF9-A06C287444F1}.Release|TwinCAT OS (x64-E).Build.0 = Release|TwinCAT OS (x64-E)
		{68E49C69-226C-4DB7-8EF9-A06C287444F1}.Release|TwinCAT RT (x64).ActiveCfg = Release|TwinCAT RT (x64)
		{68E49C69-226C-4DB7-8EF9-A06C287444F1}.Release|TwinCAT RT (x64).Build.0 = Release|TwinCAT RT (x64)
		{68E49C69-226C-4DB7-8EF9-A06C287444F1}.Release|TwinCAT RT (x86).ActiveCfg = Release|TwinCAT RT (x86)
		{68E49C69-226C-4DB7-8EF9-A06C287444F1}.Release|TwinCAT RT (x86).Build.0 = Release|TwinCAT RT (x86)
	EndGlobalSection
	GlobalSection(SolutionProperties) = preSolution
		HideSolutionNode = FALSE
	EndGlobalSection
	GlobalSection(ExtensibilityGlobals) = postSolution
		SolutionGuid = {141EE51B-055B-43A9-B44F-FAFA00782287}
	EndGlobalSection
EndGlobal
